// !$*UTF8*$!
{
	archiveVersion = 1;
	classes = {
	};
	objectVersion = 56;
	objects = {

/* Begin PBXBuildFile section */
		766428A52C0F02BC008D3B84 /* EcranAcceuil.swift in Sources */ = {isa = PBXBuildFile; fileRef = 766428A42C0F02BC008D3B84 /* EcranAcceuil.swift */; };
		766428A72C0F13F0008D3B84 /* profil.swift in Sources */ = {isa = PBXBuildFile; fileRef = 766428A62C0F13F0008D3B84 /* profil.swift */; };
		766428A92C0F215C008D3B84 /* connexion.swift in Sources */ = {isa = PBXBuildFile; fileRef = 766428A82C0F215C008D3B84 /* connexion.swift */; };
		766428AC2C0F3ADA008D3B84 /* Ranchers400.ttf in Resources */ = {isa = PBXBuildFile; fileRef = 766428AB2C0F3ADA008D3B84 /* Ranchers400.ttf */; };
		766428AE2C0F3B6C008D3B84 /* Ranchers-Regular.ttf in Resources */ = {isa = PBXBuildFile; fileRef = 766428AD2C0F3B6C008D3B84 /* Ranchers-Regular.ttf */; };
		768D92752C0DF14400595B26 /* ludikApp.swift in Sources */ = {isa = PBXBuildFile; fileRef = 768D92742C0DF14400595B26 /* ludikApp.swift */; };
		768D92772C0DF14400595B26 /* ContentView.swift in Sources */ = {isa = PBXBuildFile; fileRef = 768D92762C0DF14400595B26 /* ContentView.swift */; };
		768D92792C0DF14400595B26 /* Item.swift in Sources */ = {isa = PBXBuildFile; fileRef = 768D92782C0DF14400595B26 /* Item.swift */; };
		768D927B2C0DF14400595B26 /* Assets.xcassets in Resources */ = {isa = PBXBuildFile; fileRef = 768D927A2C0DF14400595B26 /* Assets.xcassets */; };
		768D927E2C0DF14400595B26 /* Preview Assets.xcassets in Resources */ = {isa = PBXBuildFile; fileRef = 768D927D2C0DF14400595B26 /* Preview Assets.xcassets */; };
		768D92882C0DF14400595B26 /* ludikTests.swift in Sources */ = {isa = PBXBuildFile; fileRef = 768D92872C0DF14400595B26 /* ludikTests.swift */; };
		768D92922C0DF14500595B26 /* ludikUITests.swift in Sources */ = {isa = PBXBuildFile; fileRef = 768D92912C0DF14500595B26 /* ludikUITests.swift */; };
		768D92942C0DF14500595B26 /* ludikUITestsLaunchTests.swift in Sources */ = {isa = PBXBuildFile; fileRef = 768D92932C0DF14500595B26 /* ludikUITestsLaunchTests.swift */; };
/* End PBXBuildFile section */

/* Begin PBXContainerItemProxy section */
		768D92842C0DF14400595B26 /* PBXContainerItemProxy */ = {
			isa = PBXContainerItemProxy;
			containerPortal = 768D92692C0DF14400595B26 /* Project object */;
			proxyType = 1;
			remoteGlobalIDString = 768D92702C0DF14400595B26;
			remoteInfo = ludik;
		};
		768D928E2C0DF14500595B26 /* PBXContainerItemProxy */ = {
			isa = PBXContainerItemProxy;
			containerPortal = 768D92692C0DF14400595B26 /* Project object */;
			proxyType = 1;
			remoteGlobalIDString = 768D92702C0DF14400595B26;
			remoteInfo = ludik;
		};
/* End PBXContainerItemProxy section */

/* Begin PBXFileReference section */
		766428A42C0F02BC008D3B84 /* EcranAcceuil.swift */ = {isa = PBXFileReference; lastKnownFileType = sourcecode.swift; path = EcranAcceuil.swift; sourceTree = "<group>"; };
		766428A62C0F13F0008D3B84 /* profil.swift */ = {isa = PBXFileReference; lastKnownFileType = sourcecode.swift; path = profil.swift; sourceTree = "<group>"; };
		766428A82C0F215C008D3B84 /* connexion.swift */ = {isa = PBXFileReference; lastKnownFileType = sourcecode.swift; path = connexion.swift; sourceTree = "<group>"; };
		766428AA2C0F2353008D3B84 /* Info.plist */ = {isa = PBXFileReference; lastKnownFileType = text.plist; path = Info.plist; sourceTree = "<group>"; };
		766428AB2C0F3ADA008D3B84 /* Ranchers400.ttf */ = {isa = PBXFileReference; lastKnownFileType = file; path = Ranchers400.ttf; sourceTree = "<group>"; };
		766428AD2C0F3B6C008D3B84 /* Ranchers-Regular.ttf */ = {isa = PBXFileReference; lastKnownFileType = file; path = "Ranchers-Regular.ttf"; sourceTree = "<group>"; };
		768D92712C0DF14400595B26 /* ludik.app */ = {isa = PBXFileReference; explicitFileType = wrapper.application; includeInIndex = 0; path = ludik.app; sourceTree = BUILT_PRODUCTS_DIR; };
		768D92742C0DF14400595B26 /* ludikApp.swift */ = {isa = PBXFileReference; lastKnownFileType = sourcecode.swift; path = ludikApp.swift; sourceTree = "<group>"; };
		768D92762C0DF14400595B26 /* ContentView.swift */ = {isa = PBXFileReference; lastKnownFileType = sourcecode.swift; path = ContentView.swift; sourceTree = "<group>"; };
		768D92782C0DF14400595B26 /* Item.swift */ = {isa = PBXFileReference; lastKnownFileType = sourcecode.swift; path = Item.swift; sourceTree = "<group>"; };
		768D927A2C0DF14400595B26 /* Assets.xcassets */ = {isa = PBXFileReference; lastKnownFileType = folder.assetcatalog; path = Assets.xcassets; sourceTree = "<group>"; };
		768D927D2C0DF14400595B26 /* Preview Assets.xcassets */ = {isa = PBXFileReference; lastKnownFileType = folder.assetcatalog; path = "Preview Assets.xcassets"; sourceTree = "<group>"; };
		768D92832C0DF14400595B26 /* ludikTests.xctest */ = {isa = PBXFileReference; explicitFileType = wrapper.cfbundle; includeInIndex = 0; path = ludikTests.xctest; sourceTree = BUILT_PRODUCTS_DIR; };
		768D92872C0DF14400595B26 /* ludikTests.swift */ = {isa = PBXFileReference; lastKnownFileType = sourcecode.swift; path = ludikTests.swift; sourceTree = "<group>"; };
		768D928D2C0DF14500595B26 /* ludikUITests.xctest */ = {isa = PBXFileReference; explicitFileType = wrapper.cfbundle; includeInIndex = 0; path = ludikUITests.xctest; sourceTree = BUILT_PRODUCTS_DIR; };
		768D92912C0DF14500595B26 /* ludikUITests.swift */ = {isa = PBXFileReference; lastKnownFileType = sourcecode.swift; path = ludikUITests.swift; sourceTree = "<group>"; };
		768D92932C0DF14500595B26 /* ludikUITestsLaunchTests.swift */ = {isa = PBXFileReference; lastKnownFileType = sourcecode.swift; path = ludikUITestsLaunchTests.swift; sourceTree = "<group>"; };
/* End PBXFileReference section */

/* Begin PBXFrameworksBuildPhase section */
		768D926E2C0DF14400595B26 /* Frameworks */ = {
			isa = PBXFrameworksBuildPhase;
			buildActionMask = 2147483647;
			files = (
			);
			runOnlyForDeploymentPostprocessing = 0;
		};
		768D92802C0DF14400595B26 /* Frameworks */ = {
			isa = PBXFrameworksBuildPhase;
			buildActionMask = 2147483647;
			files = (
			);
			runOnlyForDeploymentPostprocessing = 0;
		};
		768D928A2C0DF14500595B26 /* Frameworks */ = {
			isa = PBXFrameworksBuildPhase;
			buildActionMask = 2147483647;
			files = (
			);
			runOnlyForDeploymentPostprocessing = 0;
		};
/* End PBXFrameworksBuildPhase section */

/* Begin PBXGroup section */
		768D92682C0DF14400595B26 = {
			isa = PBXGroup;
			children = (
				768D92732C0DF14400595B26 /* ludik */,
				768D92862C0DF14400595B26 /* ludikTests */,
				768D92902C0DF14500595B26 /* ludikUITests */,
				768D92722C0DF14400595B26 /* Products */,
			);
			sourceTree = "<group>";
		};
		768D92722C0DF14400595B26 /* Products */ = {
			isa = PBXGroup;
			children = (
				768D92712C0DF14400595B26 /* ludik.app */,
				768D92832C0DF14400595B26 /* ludikTests.xctest */,
				768D928D2C0DF14500595B26 /* ludikUITests.xctest */,
			);
			name = Products;
			sourceTree = "<group>";
		};
		768D92732C0DF14400595B26 /* ludik */ = {
			isa = PBXGroup;
			children = (
				766428AA2C0F2353008D3B84 /* Info.plist */,
				768D92742C0DF14400595B26 /* ludikApp.swift */,
				766428A62C0F13F0008D3B84 /* profil.swift */,
				768D92762C0DF14400595B26 /* ContentView.swift */,
				768D92782C0DF14400595B26 /* Item.swift */,
				766428A42C0F02BC008D3B84 /* EcranAcceuil.swift */,
				766428A82C0F215C008D3B84 /* connexion.swift */,
				766428AD2C0F3B6C008D3B84 /* Ranchers-Regular.ttf */,
				766428AB2C0F3ADA008D3B84 /* Ranchers400.ttf */,
				768D927A2C0DF14400595B26 /* Assets.xcassets */,
				768D927C2C0DF14400595B26 /* Preview Content */,
			);
			path = ludik;
			sourceTree = "<group>";
		};
		768D927C2C0DF14400595B26 /* Preview Content */ = {
			isa = PBXGroup;
			children = (
				768D927D2C0DF14400595B26 /* Preview Assets.xcassets */,
			);
			path = "Preview Content";
			sourceTree = "<group>";
		};
		768D92862C0DF14400595B26 /* ludikTests */ = {
			isa = PBXGroup;
			children = (
				768D92872C0DF14400595B26 /* ludikTests.swift */,
			);
			path = ludikTests;
			sourceTree = "<group>";
		};
		768D92902C0DF14500595B26 /* ludikUITests */ = {
			isa = PBXGroup;
			children = (
				768D92912C0DF14500595B26 /* ludikUITests.swift */,
				768D92932C0DF14500595B26 /* ludikUITestsLaunchTests.swift */,
			);
			path = ludikUITests;
			sourceTree = "<group>";
		};
/* End PBXGroup section */

/* Begin PBXNativeTarget section */
		768D92702C0DF14400595B26 /* ludik */ = {
			isa = PBXNativeTarget;
			buildConfigurationList = 768D92972C0DF14500595B26 /* Build configuration list for PBXNativeTarget "ludik" */;
			buildPhases = (
				768D926D2C0DF14400595B26 /* Sources */,
				768D926E2C0DF14400595B26 /* Frameworks */,
				768D926F2C0DF14400595B26 /* Resources */,
			);
			buildRules = (
			);
			dependencies = (
			);
			name = ludik;
			productName = ludik;
			productReference = 768D92712C0DF14400595B26 /* ludik.app */;
			productType = "com.apple.product-type.application";
		};
		768D92822C0DF14400595B26 /* ludikTests */ = {
			isa = PBXNativeTarget;
			buildConfigurationList = 768D929A2C0DF14500595B26 /* Build configuration list for PBXNativeTarget "ludikTests" */;
			buildPhases = (
				768D927F2C0DF14400595B26 /* Sources */,
				768D92802C0DF14400595B26 /* Frameworks */,
				768D92812C0DF14400595B26 /* Resources */,
			);
			buildRules = (
			);
			dependencies = (
				768D92852C0DF14400595B26 /* PBXTargetDependency */,
			);
			name = ludikTests;
			productName = ludikTests;
			productReference = 768D92832C0DF14400595B26 /* ludikTests.xctest */;
			productType = "com.apple.product-type.bundle.unit-test";
		};
		768D928C2C0DF14500595B26 /* ludikUITests */ = {
			isa = PBXNativeTarget;
			buildConfigurationList = 768D929D2C0DF14500595B26 /* Build configuration list for PBXNativeTarget "ludikUITests" */;
			buildPhases = (
				768D92892C0DF14500595B26 /* Sources */,
				768D928A2C0DF14500595B26 /* Frameworks */,
				768D928B2C0DF14500595B26 /* Resources */,
			);
			buildRules = (
			);
			dependencies = (
				768D928F2C0DF14500595B26 /* PBXTargetDependency */,
			);
			name = ludikUITests;
			productName = ludikUITests;
			productReference = 768D928D2C0DF14500595B26 /* ludikUITests.xctest */;
			productType = "com.apple.product-type.bundle.ui-testing";
		};
/* End PBXNativeTarget section */

/* Begin PBXProject section */
		768D92692C0DF14400595B26 /* Project object */ = {
			isa = PBXProject;
			attributes = {
				BuildIndependentTargetsInParallel = 1;
				LastSwiftUpdateCheck = 1540;
				LastUpgradeCheck = 1540;
				TargetAttributes = {
					768D92702C0DF14400595B26 = {
						CreatedOnToolsVersion = 15.4;
					};
					768D92822C0DF14400595B26 = {
						CreatedOnToolsVersion = 15.4;
						TestTargetID = 768D92702C0DF14400595B26;
					};
					768D928C2C0DF14500595B26 = {
						CreatedOnToolsVersion = 15.4;
						TestTargetID = 768D92702C0DF14400595B26;
					};
				};
			};
			buildConfigurationList = 768D926C2C0DF14400595B26 /* Build configuration list for PBXProject "ludik" */;
			compatibilityVersion = "Xcode 14.0";
			developmentRegion = en;
			hasScannedForEncodings = 0;
			knownRegions = (
				en,
				Base,
			);
			mainGroup = 768D92682C0DF14400595B26;
			productRefGroup = 768D92722C0DF14400595B26 /* Products */;
			projectDirPath = "";
			projectRoot = "";
			targets = (
				768D92702C0DF14400595B26 /* ludik */,
				768D92822C0DF14400595B26 /* ludikTests */,
				768D928C2C0DF14500595B26 /* ludikUITests */,
			);
		};
/* End PBXProject section */

/* Begin PBXResourcesBuildPhase section */
		768D926F2C0DF14400595B26 /* Resources */ = {
			isa = PBXResourcesBuildPhase;
			buildActionMask = 2147483647;
			files = (
				766428AC2C0F3ADA008D3B84 /* Ranchers400.ttf in Resources */,
				766428AE2C0F3B6C008D3B84 /* Ranchers-Regular.ttf in Resources */,
				768D927E2C0DF14400595B26 /* Preview Assets.xcassets in Resources */,
				768D927B2C0DF14400595B26 /* Assets.xcassets in Resources */,
			);
			runOnlyForDeploymentPostprocessing = 0;
		};
		768D92812C0DF14400595B26 /* Resources */ = {
			isa = PBXResourcesBuildPhase;
			buildActionMask = 2147483647;
			files = (
			);
			runOnlyForDeploymentPostprocessing = 0;
		};
		768D928B2C0DF14500595B26 /* Resources */ = {
			isa = PBXResourcesBuildPhase;
			buildActionMask = 2147483647;
			files = (
			);
			runOnlyForDeploymentPostprocessing = 0;
		};
/* End PBXResourcesBuildPhase section */

/* Begin PBXSourcesBuildPhase section */
		768D926D2C0DF14400595B26 /* Sources */ = {
			isa = PBXSourcesBuildPhase;
			buildActionMask = 2147483647;
			files = (
				768D92772C0DF14400595B26 /* ContentView.swift in Sources */,
				768D92792C0DF14400595B26 /* Item.swift in Sources */,
				766428A52C0F02BC008D3B84 /* EcranAcceuil.swift in Sources */,
				768D92752C0DF14400595B26 /* ludikApp.swift in Sources */,
				766428A72C0F13F0008D3B84 /* profil.swift in Sources */,
				766428A92C0F215C008D3B84 /* connexion.swift in Sources */,
			);
			runOnlyForDeploymentPostprocessing = 0;
		};
		768D927F2C0DF14400595B26 /* Sources */ = {
			isa = PBXSourcesBuildPhase;
			buildActionMask = 2147483647;
			files = (
				768D92882C0DF14400595B26 /* ludikTests.swift in Sources */,
			);
			runOnlyForDeploymentPostprocessing = 0;
		};
		768D92892C0DF14500595B26 /* Sources */ = {
			isa = PBXSourcesBuildPhase;
			buildActionMask = 2147483647;
			files = (
				768D92942C0DF14500595B26 /* ludikUITestsLaunchTests.swift in Sources */,
				768D92922C0DF14500595B26 /* ludikUITests.swift in Sources */,
			);
			runOnlyForDeploymentPostprocessing = 0;
		};
/* End PBXSourcesBuildPhase section */

/* Begin PBXTargetDependency section */
		768D92852C0DF14400595B26 /* PBXTargetDependency */ = {
			isa = PBXTargetDependency;
			target = 768D92702C0DF14400595B26 /* ludik */;
			targetProxy = 768D92842C0DF14400595B26 /* PBXContainerItemProxy */;
		};
		768D928F2C0DF14500595B26 /* PBXTargetDependency */ = {
			isa = PBXTargetDependency;
			target = 768D92702C0DF14400595B26 /* ludik */;
			targetProxy = 768D928E2C0DF14500595B26 /* PBXContainerItemProxy */;
		};
/* End PBXTargetDependency section */

/* Begin XCBuildConfiguration section */
		768D92952C0DF14500595B26 /* Debug */ = {
			isa = XCBuildConfiguration;
			buildSettings = {
				ALWAYS_SEARCH_USER_PATHS = NO;
				ASSETCATALOG_COMPILER_GENERATE_SWIFT_ASSET_SYMBOL_EXTENSIONS = YES;
				CLANG_ANALYZER_NONNULL = YES;
				CLANG_ANALYZER_NUMBER_OBJECT_CONVERSION = YES_AGGRESSIVE;
				CLANG_CXX_LANGUAGE_STANDARD = "gnu++20";
				CLANG_ENABLE_MODULES = YES;
				CLANG_ENABLE_OBJC_ARC = YES;
				CLANG_ENABLE_OBJC_WEAK = YES;
				CLANG_WARN_BLOCK_CAPTURE_AUTORELEASING = YES;
				CLANG_WARN_BOOL_CONVERSION = YES;
				CLANG_WARN_COMMA = YES;
				CLANG_WARN_CONSTANT_CONVERSION = YES;
				CLANG_WARN_DEPRECATED_OBJC_IMPLEMENTATIONS = YES;
				CLANG_WARN_DIRECT_OBJC_ISA_USAGE = YES_ERROR;
				CLANG_WARN_DOCUMENTATION_COMMENTS = YES;
				CLANG_WARN_EMPTY_BODY = YES;
				CLANG_WARN_ENUM_CONVERSION = YES;
				CLANG_WARN_INFINITE_RECURSION = YES;
				CLANG_WARN_INT_CONVERSION = YES;
				CLANG_WARN_NON_LITERAL_NULL_CONVERSION = YES;
				CLANG_WARN_OBJC_IMPLICIT_RETAIN_SELF = YES;
				CLANG_WARN_OBJC_LITERAL_CONVERSION = YES;
				CLANG_WARN_OBJC_ROOT_CLASS = YES_ERROR;
				CLANG_WARN_QUOTED_INCLUDE_IN_FRAMEWORK_HEADER = YES;
				CLANG_WARN_RANGE_LOOP_ANALYSIS = YES;
				CLANG_WARN_STRICT_PROTOTYPES = YES;
				CLANG_WARN_SUSPICIOUS_MOVE = YES;
				CLANG_WARN_UNGUARDED_AVAILABILITY = YES_AGGRESSIVE;
				CLANG_WARN_UNREACHABLE_CODE = YES;
				CLANG_WARN__DUPLICATE_METHOD_MATCH = YES;
				COPY_PHASE_STRIP = NO;
				DEBUG_INFORMATION_FORMAT = dwarf;
				ENABLE_STRICT_OBJC_MSGSEND = YES;
				ENABLE_TESTABILITY = YES;
				ENABLE_USER_SCRIPT_SANDBOXING = YES;
				GCC_C_LANGUAGE_STANDARD = gnu17;
				GCC_DYNAMIC_NO_PIC = NO;
				GCC_NO_COMMON_BLOCKS = YES;
				GCC_OPTIMIZATION_LEVEL = 0;
				GCC_PREPROCESSOR_DEFINITIONS = (
					"DEBUG=1",
					"$(inherited)",
				);
				GCC_WARN_64_TO_32_BIT_CONVERSION = YES;
				GCC_WARN_ABOUT_RETURN_TYPE = YES_ERROR;
				GCC_WARN_UNDECLARED_SELECTOR = YES;
				GCC_WARN_UNINITIALIZED_AUTOS = YES_AGGRESSIVE;
				GCC_WARN_UNUSED_FUNCTION = YES;
				GCC_WARN_UNUSED_VARIABLE = YES;
				IPHONEOS_DEPLOYMENT_TARGET = 17.5;
				LOCALIZATION_PREFERS_STRING_CATALOGS = YES;
				MTL_ENABLE_DEBUG_INFO = INCLUDE_SOURCE;
				MTL_FAST_MATH = YES;
				ONLY_ACTIVE_ARCH = YES;
				SDKROOT = iphoneos;
				SWIFT_ACTIVE_COMPILATION_CONDITIONS = "DEBUG $(inherited)";
				SWIFT_OPTIMIZATION_LEVEL = "-Onone";
			};
			name = Debug;
		};
		768D92962C0DF14500595B26 /* Release */ = {
			isa = XCBuildConfiguration;
			buildSettings = {
				ALWAYS_SEARCH_USER_PATHS = NO;
				ASSETCATALOG_COMPILER_GENERATE_SWIFT_ASSET_SYMBOL_EXTENSIONS = YES;
				CLANG_ANALYZER_NONNULL = YES;
				CLANG_ANALYZER_NUMBER_OBJECT_CONVERSION = YES_AGGRESSIVE;
				CLANG_CXX_LANGUAGE_STANDARD = "gnu++20";
				CLANG_ENABLE_MODULES = YES;
				CLANG_ENABLE_OBJC_ARC = YES;
				CLANG_ENABLE_OBJC_WEAK = YES;
				CLANG_WARN_BLOCK_CAPTURE_AUTORELEASING = YES;
				CLANG_WARN_BOOL_CONVERSION = YES;
				CLANG_WARN_COMMA = YES;
				CLANG_WARN_CONSTANT_CONVERSION = YES;
				CLANG_WARN_DEPRECATED_OBJC_IMPLEMENTATIONS = YES;
				CLANG_WARN_DIRECT_OBJC_ISA_USAGE = YES_ERROR;
				CLANG_WARN_DOCUMENTATION_COMMENTS = YES;
				CLANG_WARN_EMPTY_BODY = YES;
				CLANG_WARN_ENUM_CONVERSION = YES;
				CLANG_WARN_INFINITE_RECURSION = YES;
				CLANG_WARN_INT_CONVERSION = YES;
				CLANG_WARN_NON_LITERAL_NULL_CONVERSION = YES;
				CLANG_WARN_OBJC_IMPLICIT_RETAIN_SELF = YES;
				CLANG_WARN_OBJC_LITERAL_CONVERSION = YES;
				CLANG_WARN_OBJC_ROOT_CLASS = YES_ERROR;
				CLANG_WARN_QUOTED_INCLUDE_IN_FRAMEWORK_HEADER = YES;
				CLANG_WARN_RANGE_LOOP_ANALYSIS = YES;
				CLANG_WARN_STRICT_PROTOTYPES = YES;
				CLANG_WARN_SUSPICIOUS_MOVE = YES;
				CLANG_WARN_UNGUARDED_AVAILABILITY = YES_AGGRESSIVE;
				CLANG_WARN_UNREACHABLE_CODE = YES;
				CLANG_WARN__DUPLICATE_METHOD_MATCH = YES;
				COPY_PHASE_STRIP = NO;
				DEBUG_INFORMATION_FORMAT = "dwarf-with-dsym";
				ENABLE_NS_ASSERTIONS = NO;
				ENABLE_STRICT_OBJC_MSGSEND = YES;
				ENABLE_USER_SCRIPT_SANDBOXING = YES;
				GCC_C_LANGUAGE_STANDARD = gnu17;
				GCC_NO_COMMON_BLOCKS = YES;
				GCC_WARN_64_TO_32_BIT_CONVERSION = YES;
				GCC_WARN_ABOUT_RETURN_TYPE = YES_ERROR;
				GCC_WARN_UNDECLARED_SELECTOR = YES;
				GCC_WARN_UNINITIALIZED_AUTOS = YES_AGGRESSIVE;
				GCC_WARN_UNUSED_FUNCTION = YES;
				GCC_WARN_UNUSED_VARIABLE = YES;
				IPHONEOS_DEPLOYMENT_TARGET = 17.5;
				LOCALIZATION_PREFERS_STRING_CATALOGS = YES;
				MTL_ENABLE_DEBUG_INFO = NO;
				MTL_FAST_MATH = YES;
				SDKROOT = iphoneos;
				SWIFT_COMPILATION_MODE = wholemodule;
				VALIDATE_PRODUCT = YES;
			};
			name = Release;
		};
		768D92982C0DF14500595B26 /* Debug */ = {
			isa = XCBuildConfiguration;
			buildSettings = {
				ASSETCATALOG_COMPILER_APPICON_NAME = AppIcon;
				ASSETCATALOG_COMPILER_GLOBAL_ACCENT_COLOR_NAME = AccentColor;
				CODE_SIGN_STYLE = Automatic;
				CURRENT_PROJECT_VERSION = 1;
				DEVELOPMENT_ASSET_PATHS = "\"ludik/Preview Content\"";
				DEVELOPMENT_TEAM = G5S49Q7FLM;
				ENABLE_PREVIEWS = YES;
				GENERATE_INFOPLIST_FILE = YES;
				INFOPLIST_FILE = ludik/Info.plist;
				INFOPLIST_KEY_UIApplicationSceneManifest_Generation = YES;
				INFOPLIST_KEY_UIApplicationSupportsIndirectInputEvents = YES;
				INFOPLIST_KEY_UILaunchScreen_Generation = YES;
				INFOPLIST_KEY_UISupportedInterfaceOrientations_iPad = "UIInterfaceOrientationPortrait UIInterfaceOrientationPortraitUpsideDown UIInterfaceOrientationLandscapeLeft UIInterfaceOrientationLandscapeRight";
				INFOPLIST_KEY_UISupportedInterfaceOrientations_iPhone = "UIInterfaceOrientationPortrait UIInterfaceOrientationLandscapeLeft UIInterfaceOrientationLandscapeRight";
				LD_RUNPATH_SEARCH_PATHS = (
					"$(inherited)",
					"@executable_path/Frameworks",
				);
				MARKETING_VERSION = 1.0;
				PRODUCT_BUNDLE_IDENTIFIER = emiliano.ludik;
				PRODUCT_NAME = "$(TARGET_NAME)";
				SWIFT_EMIT_LOC_STRINGS = YES;
				SWIFT_VERSION = 5.0;
				TARGETED_DEVICE_FAMILY = "1,2";
			};
			name = Debug;
		};
		768D92992C0DF14500595B26 /* Release */ = {
			isa = XCBuildConfiguration;
			buildSettings = {
				ASSETCATALOG_COMPILER_APPICON_NAME = AppIcon;
				ASSETCATALOG_COMPILER_GLOBAL_ACCENT_COLOR_NAME = AccentColor;
				CODE_SIGN_STYLE = Automatic;
				CURRENT_PROJECT_VERSION = 1;
				DEVELOPMENT_ASSET_PATHS = "\"ludik/Preview Content\"";
				DEVELOPMENT_TEAM = G5S49Q7FLM;
				ENABLE_PREVIEWS = YES;
				GENERATE_INFOPLIST_FILE = YES;
				INFOPLIST_FILE = ludik/Info.plist;
				INFOPLIST_KEY_UIApplicationSceneManifest_Generation = YES;
				INFOPLIST_KEY_UIApplicationSupportsIndirectInputEvents = YES;
				INFOPLIST_KEY_UILaunchScreen_Generation = YES;
				INFOPLIST_KEY_UISupportedInterfaceOrientations_iPad = "UIInterfaceOrientationPortrait UIInterfaceOrientationPortraitUpsideDown UIInterfaceOrientationLandscapeLeft UIInterfaceOrientationLandscapeRight";
				INFOPLIST_KEY_UISupportedInterfaceOrientations_iPhone = "UIInterfaceOrientationPortrait UIInterfaceOrientationLandscapeLeft UIInterfaceOrientationLandscapeRight";
				LD_RUNPATH_SEARCH_PATHS = (
					"$(inherited)",
					"@executable_path/Frameworks",
				);
				MARKETING_VERSION = 1.0;
				PRODUCT_BUNDLE_IDENTIFIER = emiliano.ludik;
				PRODUCT_NAME = "$(TARGET_NAME)";
				SWIFT_EMIT_LOC_STRINGS = YES;
				SWIFT_VERSION = 5.0;
				TARGETED_DEVICE_FAMILY = "1,2";
			};
			name = Release;
		};
		768D929B2C0DF14500595B26 /* Debug */ = {
			isa = XCBuildConfiguration;
			buildSettings = {
				ALWAYS_EMBED_SWIFT_STANDARD_LIBRARIES = YES;
				BUNDLE_LOADER = "$(TEST_HOST)";
				CODE_SIGN_STYLE = Automatic;
				CURRENT_PROJECT_VERSION = 1;
				DEVELOPMENT_TEAM = G5S49Q7FLM;
				GENERATE_INFOPLIST_FILE = YES;
				IPHONEOS_DEPLOYMENT_TARGET = 17.5;
				MARKETING_VERSION = 1.0;
				PRODUCT_BUNDLE_IDENTIFIER = emiliano.ludikTests;
				PRODUCT_NAME = "$(TARGET_NAME)";
				SWIFT_EMIT_LOC_STRINGS = NO;
				SWIFT_VERSION = 5.0;
				TARGETED_DEVICE_FAMILY = "1,2";
				TEST_HOST = "$(BUILT_PRODUCTS_DIR)/ludik.app/$(BUNDLE_EXECUTABLE_FOLDER_PATH)/ludik";
			};
			name = Debug;
		};
		768D929C2C0DF14500595B26 /* Release */ = {
			isa = XCBuildConfiguration;
			buildSettings = {
				ALWAYS_EMBED_SWIFT_STANDARD_LIBRARIES = YES;
				BUNDLE_LOADER = "$(TEST_HOST)";
				CODE_SIGN_STYLE = Automatic;
				CURRENT_PROJECT_VERSION = 1;
				DEVELOPMENT_TEAM = G5S49Q7FLM;
				GENERATE_INFOPLIST_FILE = YES;
				IPHONEOS_DEPLOYMENT_TARGET = 17.5;
				MARKETING_VERSION = 1.0;
				PRODUCT_BUNDLE_IDENTIFIER = emiliano.ludikTests;
				PRODUCT_NAME = "$(TARGET_NAME)";
				SWIFT_EMIT_LOC_STRINGS = NO;
				SWIFT_VERSION = 5.0;
				TARGETED_DEVICE_FAMILY = "1,2";
				TEST_HOST = "$(BUILT_PRODUCTS_DIR)/ludik.app/$(BUNDLE_EXECUTABLE_FOLDER_PATH)/ludik";
			};
			name = Release;
		};
		768D929E2C0DF14500595B26 /* Debug */ = {
			isa = XCBuildConfiguration;
			buildSettings = {
				ALWAYS_EMBED_SWIFT_STANDARD_LIBRARIES = YES;
				CODE_SIGN_STYLE = Automatic;
				CURRENT_PROJECT_VERSION = 1;
				DEVELOPMENT_TEAM = G5S49Q7FLM;
				GENERATE_INFOPLIST_FILE = YES;
				MARKETING_VERSION = 1.0;
				PRODUCT_BUNDLE_IDENTIFIER = emiliano.ludikUITests;
				PRODUCT_NAME = "$(TARGET_NAME)";
				SWIFT_EMIT_LOC_STRINGS = NO;
				SWIFT_VERSION = 5.0;
				TARGETED_DEVICE_FAMILY = "1,2";
				TEST_TARGET_NAME = ludik;
			};
			name = Debug;
		};
		768D929F2C0DF14500595B26 /* Release */ = {
			isa = XCBuildConfiguration;
			buildSettings = {
				ALWAYS_EMBED_SWIFT_STANDARD_LIBRARIES = YES;
				CODE_SIGN_STYLE = Automatic;
				CURRENT_PROJECT_VERSION = 1;
				DEVELOPMENT_TEAM = G5S49Q7FLM;
				GENERATE_INFOPLIST_FILE = YES;
				MARKETING_VERSION = 1.0;
				PRODUCT_BUNDLE_IDENTIFIER = emiliano.ludikUITests;
				PRODUCT_NAME = "$(TARGET_NAME)";
				SWIFT_EMIT_LOC_STRINGS = NO;
				SWIFT_VERSION = 5.0;
				TARGETED_DEVICE_FAMILY = "1,2";
				TEST_TARGET_NAME = ludik;
			};
			name = Release;
		};
/* End XCBuildConfiguration section */

/* Begin XCConfigurationList section */
		768D926C2C0DF14400595B26 /* Build configuration list for PBXProject "ludik" */ = {
			isa = XCConfigurationList;
			buildConfigurations = (
				768D92952C0DF14500595B26 /* Debug */,
				768D92962C0DF14500595B26 /* Release */,
			);
			defaultConfigurationIsVisible = 0;
			defaultConfigurationName = Release;
		};
		768D92972C0DF14500595B26 /* Build configuration list for PBXNativeTarget "ludik" */ = {
			isa = XCConfigurationList;
			buildConfigurations = (
				768D92982C0DF14500595B26 /* Debug */,
				768D92992C0DF14500595B26 /* Release */,
			);
			defaultConfigurationIsVisible = 0;
			defaultConfigurationName = Release;
		};
		768D929A2C0DF14500595B26 /* Build configuration list for PBXNativeTarget "ludikTests" */ = {
			isa = XCConfigurationList;
			buildConfigurations = (
				768D929B2C0DF14500595B26 /* Debug */,
				768D929C2C0DF14500595B26 /* Release */,
			);
			defaultConfigurationIsVisible = 0;
			defaultConfigurationName = Release;
		};
		768D929D2C0DF14500595B26 /* Build configuration list for PBXNativeTarget "ludikUITests" */ = {
			isa = XCConfigurationList;
			buildConfigurations = (
				768D929E2C0DF14500595B26 /* Debug */,
				768D929F2C0DF14500595B26 /* Release */,
			);
			defaultConfigurationIsVisible = 0;
			defaultConfigurationName = Release;
		};
/* End XCConfigurationList section */
	};
	rootObject = 768D92692C0DF14400595B26 /* Project object */;
}
